// !$*UTF8*$!
{
	archiveVersion = 1;
	classes = {
	};
	objectVersion = 46;
	objects = {

/* Begin PBXBuildFile section */
		30CA5CEF1BAC064100A2116A /* AppDelegate.swift in Sources */ = {isa = PBXBuildFile; fileRef = 30CA5CEE1BAC064100A2116A /* AppDelegate.swift */; };
		30CA5CF11BAC064100A2116A /* RootViewController.swift in Sources */ = {isa = PBXBuildFile; fileRef = 30CA5CF01BAC064100A2116A /* RootViewController.swift */; };
		30CA5CF31BAC064100A2116A /* DataViewController.swift in Sources */ = {isa = PBXBuildFile; fileRef = 30CA5CF21BAC064100A2116A /* DataViewController.swift */; };
		30CA5CF51BAC064100A2116A /* ModelController.swift in Sources */ = {isa = PBXBuildFile; fileRef = 30CA5CF41BAC064100A2116A /* ModelController.swift */; };
		30CA5CF81BAC064100A2116A /* Main.storyboard in Resources */ = {isa = PBXBuildFile; fileRef = 30CA5CF61BAC064100A2116A /* Main.storyboard */; };
		30CA5CFA1BAC064100A2116A /* Assets.xcassets in Resources */ = {isa = PBXBuildFile; fileRef = 30CA5CF91BAC064100A2116A /* Assets.xcassets */; };
		30CA5CFD1BAC064100A2116A /* LaunchScreen.storyboard in Resources */ = {isa = PBXBuildFile; fileRef = 30CA5CFB1BAC064100A2116A /* LaunchScreen.storyboard */; };
/* End PBXBuildFile section */

/* Begin PBXFileReference section */
		30CA5CEB1BAC064100A2116A /* IDZSwiftCommonCryptoCocoaPodsTest.app */ = {isa = PBXFileReference; explicitFileType = wrapper.application; includeInIndex = 0; path = IDZSwiftCommonCryptoCocoaPodsTest.app; sourceTree = BUILT_PRODUCTS_DIR; };
		30CA5CEE1BAC064100A2116A /* AppDelegate.swift */ = {isa = PBXFileReference; lastKnownFileType = sourcecode.swift; path = AppDelegate.swift; sourceTree = "<group>"; };
		30CA5CF01BAC064100A2116A /* RootViewController.swift */ = {isa = PBXFileReference; lastKnownFileType = sourcecode.swift; path = RootViewController.swift; sourceTree = "<group>"; };
		30CA5CF21BAC064100A2116A /* DataViewController.swift */ = {isa = PBXFileReference; lastKnownFileType = sourcecode.swift; path = DataViewController.swift; sourceTree = "<group>"; };
		30CA5CF41BAC064100A2116A /* ModelController.swift */ = {isa = PBXFileReference; lastKnownFileType = sourcecode.swift; path = ModelController.swift; sourceTree = "<group>"; };
		30CA5CF71BAC064100A2116A /* Base */ = {isa = PBXFileReference; lastKnownFileType = file.storyboard; name = Base; path = Base.lproj/Main.storyboard; sourceTree = "<group>"; };
		30CA5CF91BAC064100A2116A /* Assets.xcassets */ = {isa = PBXFileReference; lastKnownFileType = folder.assetcatalog; path = Assets.xcassets; sourceTree = "<group>"; };
		30CA5CFC1BAC064100A2116A /* Base */ = {isa = PBXFileReference; lastKnownFileType = file.storyboard; name = Base; path = Base.lproj/LaunchScreen.storyboard; sourceTree = "<group>"; };
		30CA5CFE1BAC064100A2116A /* Info.plist */ = {isa = PBXFileReference; lastKnownFileType = text.plist.xml; path = Info.plist; sourceTree = "<group>"; };
/* End PBXFileReference section */

/* Begin PBXFrameworksBuildPhase section */
		30CA5CE81BAC064100A2116A /* Frameworks */ = {
			isa = PBXFrameworksBuildPhase;
			buildActionMask = 2147483647;
			files = (
			);
			runOnlyForDeploymentPostprocessing = 0;
		};
/* End PBXFrameworksBuildPhase section */

/* Begin PBXGroup section */
		30CA5CE21BAC064100A2116A = {
			isa = PBXGroup;
			children = (
				30CA5CED1BAC064100A2116A /* IDZSwiftCommonCryptoCocoaPodsTest */,
				30CA5CEC1BAC064100A2116A /* Products */,
			);
			sourceTree = "<group>";
		};
		30CA5CEC1BAC064100A2116A /* Products */ = {
			isa = PBXGroup;
			children = (
				30CA5CEB1BAC064100A2116A /* IDZSwiftCommonCryptoCocoaPodsTest.app */,
			);
			name = Products;
			sourceTree = "<group>";
		};
		30CA5CED1BAC064100A2116A /* IDZSwiftCommonCryptoCocoaPodsTest */ = {
			isa = PBXGroup;
			children = (
				30CA5CEE1BAC064100A2116A /* AppDelegate.swift */,
				30CA5CF01BAC064100A2116A /* RootViewController.swift */,
				30CA5CF21BAC064100A2116A /* DataViewController.swift */,
				30CA5CF41BAC064100A2116A /* ModelController.swift */,
				30CA5CF61BAC064100A2116A /* Main.storyboard */,
				30CA5CF91BAC064100A2116A /* Assets.xcassets */,
				30CA5CFB1BAC064100A2116A /* LaunchScreen.storyboard */,
				30CA5CFE1BAC064100A2116A /* Info.plist */,
			);
			path = IDZSwiftCommonCryptoCocoaPodsTest;
			sourceTree = "<group>";
		};
/* End PBXGroup section */

/* Begin PBXNativeTarget section */
		30CA5CEA1BAC064100A2116A /* IDZSwiftCommonCryptoCocoaPodsTest */ = {
			isa = PBXNativeTarget;
			buildConfigurationList = 30CA5D011BAC064100A2116A /* Build configuration list for PBXNativeTarget "IDZSwiftCommonCryptoCocoaPodsTest" */;
			buildPhases = (
				30CA5CE71BAC064100A2116A /* Sources */,
				30CA5CE81BAC064100A2116A /* Frameworks */,
				30CA5CE91BAC064100A2116A /* Resources */,
			);
			buildRules = (
			);
			dependencies = (
			);
			name = IDZSwiftCommonCryptoCocoaPodsTest;
			productName = IDZSwiftCommonCryptoCocoaPodsTest;
			productReference = 30CA5CEB1BAC064100A2116A /* IDZSwiftCommonCryptoCocoaPodsTest.app */;
			productType = "com.apple.product-type.application";
		};
/* End PBXNativeTarget section */

/* Begin PBXProject section */
		30CA5CE31BAC064100A2116A /* Project object */ = {
			isa = PBXProject;
			attributes = {
				LastUpgradeCheck = 0700;
				ORGANIZATIONNAME = "iOS Developer Zone";
				TargetAttributes = {
					30CA5CEA1BAC064100A2116A = {
						CreatedOnToolsVersion = 7.0;
					};
				};
			};
			buildConfigurationList = 30CA5CE61BAC064100A2116A /* Build configuration list for PBXProject "IDZSwiftCommonCryptoCocoaPodsTest" */;
			compatibilityVersion = "Xcode 3.2";
			developmentRegion = English;
			hasScannedForEncodings = 0;
			knownRegions = (
				en,
				Base,
			);
			mainGroup = 30CA5CE21BAC064100A2116A;
			productRefGroup = 30CA5CEC1BAC064100A2116A /* Products */;
			projectDirPath = "";
			projectRoot = "";
			targets = (
				30CA5CEA1BAC064100A2116A /* IDZSwiftCommonCryptoCocoaPodsTest */,
			);
		};
/* End PBXProject section */

/* Begin PBXResourcesBuildPhase section */
		30CA5CE91BAC064100A2116A /* Resources */ = {
			isa = PBXResourcesBuildPhase;
			buildActionMask = 2147483647;
			files = (
				30CA5CFD1BAC064100A2116A /* LaunchScreen.storyboard in Resources */,
				30CA5CFA1BAC064100A2116A /* Assets.xcassets in Resources */,
				30CA5CF81BAC064100A2116A /* Main.storyboard in Resources */,
			);
			runOnlyForDeploymentPostprocessing = 0;
		};
/* End PBXResourcesBuildPhase section */

/* Begin PBXSourcesBuildPhase section */
		30CA5CE71BAC064100A2116A /* Sources */ = {
			isa = PBXSourcesBuildPhase;
			buildActionMask = 2147483647;
			files = (
				30CA5CF11BAC064100A2116A /* RootViewController.swift in Sources */,
				30CA5CF51BAC064100A2116A /* ModelController.swift in Sources */,
				30CA5CF31BAC064100A2116A /* DataViewController.swift in Sources */,
				30CA5CEF1BAC064100A2116A /* AppDelegate.swift in Sources */,
			);
			runOnlyForDeploymentPostprocessing = 0;
		};
/* End PBXSourcesBuildPhase section */

/* Begin PBXVariantGroup section */
		30CA5CF61BAC064100A2116A /* Main.storyboard */ = {
			isa = PBXVariantGroup;
			children = (
				30CA5CF71BAC064100A2116A /* Base */,
			);
			name = Main.storyboard;
			sourceTree = "<group>";
		};
		30CA5CFB1BAC064100A2116A /* LaunchScreen.storyboard */ = {
			isa = PBXVariantGroup;
			children = (
				30CA5CFC1BAC064100A2116A /* Base */,
			);
			name = LaunchScreen.storyboard;
			sourceTree = "<group>";
		};
/* End PBXVariantGroup section */

/* Begin XCBuildConfiguration section */
		30CA5CFF1BAC064100A2116A /* Debug */ = {
			isa = XCBuildConfiguration;
			buildSettings = {
				ALWAYS_SEARCH_USER_PATHS = NO;
				CLANG_CXX_LANGUAGE_STANDARD = "gnu++0x";
				CLANG_CXX_LIBRARY = "libc++";
				CLANG_ENABLE_MODULES = YES;
				CLANG_ENABLE_OBJC_ARC = YES;
				CLANG_WARN_BOOL_CONVERSION = YES;
				CLANG_WARN_CONSTANT_CONVERSION = YES;
				CLANG_WARN_DIRECT_OBJC_ISA_USAGE = YES_ERROR;
				CLANG_WARN_EMPTY_BODY = YES;
				CLANG_WARN_ENUM_CONVERSION = YES;
				CLANG_WARN_INT_CONVERSION = YES;
				CLANG_WARN_OBJC_ROOT_CLASS = YES_ERROR;
				CLANG_WARN_UNREACHABLE_CODE = YES;
				CLANG_WARN__DUPLICATE_METHOD_MATCH = YES;
				"CODE_SIGN_IDENTITY[sdk=iphoneos*]" = "iPhone Developer";
				COPY_PHASE_STRIP = NO;
				DEBUG_INFORMATION_FORMAT = dwarf;
				ENABLE_STRICT_OBJC_MSGSEND = YES;
				ENABLE_TESTABILITY = YES;
				GCC_C_LANGUAGE_STANDARD = gnu99;
				GCC_DYNAMIC_NO_PIC = NO;
				GCC_NO_COMMON_BLOCKS = YES;
				GCC_OPTIMIZATION_LEVEL = 0;
				GCC_PREPROCESSOR_DEFINITIONS = (
					"DEBUG=1",
					"$(inherited)",
				);
				GCC_WARN_64_TO_32_BIT_CONVERSION = YES;
				GCC_WARN_ABOUT_RETURN_TYPE = YES_ERROR;
				GCC_WARN_UNDECLARED_SELECTOR = YES;
				GCC_WARN_UNINITIALIZED_AUTOS = YES_AGGRESSIVE;
				GCC_WARN_UNUSED_FUNCTION = YES;
				GCC_WARN_UNUSED_VARIABLE = YES;
				IPHONEOS_DEPLOYMENT_TARGET = 9.0;
				MTL_ENABLE_DEBUG_INFO = YES;
				ONLY_ACTIVE_ARCH = YES;
				SDKROOT = iphoneos;
				SWIFT_OPTIMIZATION_LEVEL = "-Onone";
				TARGETED_DEVICE_FAMILY = "1,2";
			};
			name = Debug;
		};
		30CA5D001BAC064100A2116A /* Release */ = {
			isa = XCBuildConfiguration;
			buildSettings = {
				ALWAYS_SEARCH_USER_PATHS = NO;
				CLANG_CXX_LANGUAGE_STANDARD = "gnu++0x";
				CLANG_CXX_LIBRARY = "libc++";
				CLANG_ENABLE_MODULES = YES;
				CLANG_ENABLE_OBJC_ARC = YES;
				CLANG_WARN_BOOL_CONVERSION = YES;
				CLANG_WARN_CONSTANT_CONVERSION = YES;
				CLANG_WARN_DIRECT_OBJC_ISA_USAGE = YES_ERROR;
				CLANG_WARN_EMPTY_BODY = YES;
				CLANG_WARN_ENUM_CONVERSION = YES;
				CLANG_WARN_INT_CONVERSION = YES;
				CLANG_WARN_OBJC_ROOT_CLASS = YES_ERROR;
				CLANG_WARN_UNREACHABLE_CODE = YES;
				CLANG_WARN__DUPLICATE_METHOD_MATCH = YES;
				"CODE_SIGN_IDENTITY[sdk=iphoneos*]" = "iPhone Developer";
				COPY_PHASE_STRIP = NO;
				DEBUG_INFORMATION_FORMAT = "dwarf-with-dsym";
				ENABLE_NS_ASSERTIONS = NO;
				ENABLE_STRICT_OBJC_MSGSEND = YES;
				GCC_C_LANGUAGE_STANDARD = gnu99;
				GCC_NO_COMMON_BLOCKS = YES;
				GCC_WARN_64_TO_32_BIT_CONVERSION = YES;
				GCC_WARN_ABOUT_RETURN_TYPE = YES_ERROR;
				GCC_WARN_UNDECLARED_SELECTOR = YES;
				GCC_WARN_UNINITIALIZED_AUTOS = YES_AGGRESSIVE;
				GCC_WARN_UNUSED_FUNCTION = YES;
				GCC_WARN_UNUSED_VARIABLE = YES;
				IPHONEOS_DEPLOYMENT_TARGET = 9.0;
				MTL_ENABLE_DEBUG_INFO = NO;
				SDKROOT = iphoneos;
				TARGETED_DEVICE_FAMILY = "1,2";
				VALIDATE_PRODUCT = YES;
			};
			name = Release;
		};
		30CA5D021BAC064100A2116A /* Debug */ = {
			isa = XCBuildConfiguration;
			buildSettings = {
				ASSETCATALOG_COMPILER_APPICON_NAME = AppIcon;
				INFOPLIST_FILE = IDZSwiftCommonCryptoCocoaPodsTest/Info.plist;
				LD_RUNPATH_SEARCH_PATHS = "$(inherited) @executable_path/Frameworks";
				PRODUCT_BUNDLE_IDENTIFIER = com.iosdeveloperzone.IDZSwiftCommonCryptoCocoaPodsTest;
				PRODUCT_NAME = "$(TARGET_NAME)";
			};
			name = Debug;
		};
		30CA5D031BAC064100A2116A /* Release */ = {
			isa = XCBuildConfiguration;
			buildSettings = {
				ASSETCATALOG_COMPILER_APPICON_NAME = AppIcon;
				INFOPLIST_FILE = IDZSwiftCommonCryptoCocoaPodsTest/Info.plist;
				LD_RUNPATH_SEARCH_PATHS = "$(inherited) @executable_path/Frameworks";
				PRODUCT_BUNDLE_IDENTIFIER = com.iosdeveloperzone.IDZSwiftCommonCryptoCocoaPodsTest;
				PRODUCT_NAME = "$(TARGET_NAME)";
			};
			name = Release;
		};
/* End XCBuildConfiguration section */

/* Begin XCConfigurationList section */
		30CA5CE61BAC064100A2116A /* Build configuration list for PBXProject "IDZSwiftCommonCryptoCocoaPodsTest" */ = {
			isa = XCConfigurationList;
			buildConfigurations = (
				30CA5CFF1BAC064100A2116A /* Debug */,
				30CA5D001BAC064100A2116A /* Release */,
			);
			defaultConfigurationIsVisible = 0;
			defaultConfigurationName = Release;
		};
		30CA5D011BAC064100A2116A /* Build configuration list for PBXNativeTarget "IDZSwiftCommonCryptoCocoaPodsTest" */ = {
			isa = XCConfigurationList;
			buildConfigurations = (
				30CA5D021BAC064100A2116A /* Debug */,
				30CA5D031BAC064100A2116A /* Release */,
			);
			defaultConfigurationIsVisible = 0;
		};
/* End XCConfigurationList section */
	};
	rootObject = 30CA5CE31BAC064100A2116A /* Project object */;
}
